
Microsoft Visual Studio Solution File, Format Version 12.00
# Visual Studio Version 16
VisualStudioVersion = 16.0.34114.132
MinimumVisualStudioVersion = 10.0.40219.1
Project("{FAE04EC0-301F-11D3-BF4B-00C04F79EFBC}") = "Matura-DVD-Zadatak", "Matura-DVD-Zadatak.csproj", "{90FB1C96-571F-40F8-AB2F-209AF8205AFF}"
EndProject
Global
	GlobalSection(SolutionConfigurationPlatforms) = preSolution
		Debug|Any CPU = Debug|Any CPU
		Release|Any CPU = Release|Any CPU
	EndGlobalSection
	GlobalSection(ProjectConfigurationPlatforms) = postSolution
		{90FB1C96-571F-40F8-AB2F-209AF8205AFF}.Debug|Any CPU.ActiveCfg = Debug|Any CPU
		{90FB1C96-571F-40F8-AB2F-209AF8205AFF}.Debug|Any CPU.Build.0 = Debug|Any CPU
		{90FB1C96-571F-40F8-AB2F-209AF8205AFF}.Release|Any CPU.ActiveCfg = Release|Any CPU
		{90FB1C96-571F-40F8-AB2F-209AF8205AFF}.Release|Any CPU.Build.0 = Release|Any CPU
	EndGlobalSection
	GlobalSection(SolutionProperties) = preSolution
		HideSolutionNode = FALSE
	EndGlobalSection
	GlobalSection(ExtensibilityGlobals) = postSolution
		SolutionGuid = {E8222F2F-47E1-465C-A169-53538B738741}
	EndGlobalSection
EndGlobal
